dependencies:
- name: appsmith
  repository: https://helm.appsmith.com
  version: 2.0.0
- name: postgresql
  repository: https://charts.bitnami.com/bitnami
  version: 12.1.9
digest: sha256:388e587e40344b7d32631b20c4438e173291d358b69cabacd67b54cdbffa067d
generated: "2023-01-23T16:39:58.870142299-07:00"
